
Microsoft Visual Studio Solution File, Format Version 12.00
# Visual Studio Version 17
VisualStudioVersion = 17.6.33801.468
MinimumVisualStudioVersion = 10.0.40219.1
Project("{9A19103F-16F7-4668-BE54-9A1E7A4F7556}") = "Laboratorium 4_5", "Laboratorium 3\Laboratorium 4_5.csproj", "{55CB6CA0-6640-40DE-8A8F-F52D54A48CAD}"
EndProject
Global
	GlobalSection(SolutionConfigurationPlatforms) = preSolution
		Debug|Any CPU = Debug|Any CPU
		Release|Any CPU = Release|Any CPU
	EndGlobalSection
	GlobalSection(ProjectConfigurationPlatforms) = postSolution
		{55CB6CA0-6640-40DE-8A8F-F52D54A48CAD}.Debug|Any CPU.ActiveCfg = Debug|Any CPU
		{55CB6CA0-6640-40DE-8A8F-F52D54A48CAD}.Debug|Any CPU.Build.0 = Debug|Any CPU
		{55CB6CA0-6640-40DE-8A8F-F52D54A48CAD}.Release|Any CPU.ActiveCfg = Release|Any CPU
		{55CB6CA0-6640-40DE-8A8F-F52D54A48CAD}.Release|Any CPU.Build.0 = Release|Any CPU
	EndGlobalSection
	GlobalSection(SolutionProperties) = preSolution
		HideSolutionNode = FALSE
	EndGlobalSection
	GlobalSection(ExtensibilityGlobals) = postSolution
		SolutionGuid = {4680E0D3-A523-4A9A-B489-31644401131E}
	EndGlobalSection
EndGlobal
