
Microsoft Visual Studio Solution File, Format Version 12.00
# Visual Studio Version 17
VisualStudioVersion = 17.6.33801.468
MinimumVisualStudioVersion = 10.0.40219.1
Project("{FAE04EC0-301F-11D3-BF4B-00C04F79EFBC}") = "Laboratorium 6", "Laboratorium 6\Laboratorium 6.csproj", "{FB0AB033-E29D-45E9-BD59-8CF3E5F6E5A5}"
EndProject
Global
	GlobalSection(SolutionConfigurationPlatforms) = preSolution
		Debug|Any CPU = Debug|Any CPU
		Release|Any CPU = Release|Any CPU
	EndGlobalSection
	GlobalSection(ProjectConfigurationPlatforms) = postSolution
		{FB0AB033-E29D-45E9-BD59-8CF3E5F6E5A5}.Debug|Any CPU.ActiveCfg = Debug|Any CPU
		{FB0AB033-E29D-45E9-BD59-8CF3E5F6E5A5}.Debug|Any CPU.Build.0 = Debug|Any CPU
		{FB0AB033-E29D-45E9-BD59-8CF3E5F6E5A5}.Release|Any CPU.ActiveCfg = Release|Any CPU
		{FB0AB033-E29D-45E9-BD59-8CF3E5F6E5A5}.Release|Any CPU.Build.0 = Release|Any CPU
	EndGlobalSection
	GlobalSection(SolutionProperties) = preSolution
		HideSolutionNode = FALSE
	EndGlobalSection
	GlobalSection(ExtensibilityGlobals) = postSolution
		SolutionGuid = {3B52B4DE-FDDE-4840-A0D6-9DE237CD2D25}
	EndGlobalSection
EndGlobal
